
Microsoft Visual Studio Solution File, Format Version 12.00
# Visual Studio Version 16
VisualStudioVersion = 16.0.30523.141
MinimumVisualStudioVersion = 10.0.40219.1
Project("{8BC9CEB8-8B4A-11D0-8D11-00A0C91BC942}") = "static class members", "static class members\static class members.vcxproj", "{357ED1D2-B463-48BE-9A3C-B27BADE0B4F8}"
EndProject
Global
	GlobalSection(SolutionConfigurationPlatforms) = preSolution
		Debug|x64 = Debug|x64
		Debug|x86 = Debug|x86
		Release|x64 = Release|x64
		Release|x86 = Release|x86
	EndGlobalSection
	GlobalSection(ProjectConfigurationPlatforms) = postSolution
		{357ED1D2-B463-48BE-9A3C-B27BADE0B4F8}.Debug|x64.ActiveCfg = Debug|x64
		{357ED1D2-B463-48BE-9A3C-B27BADE0B4F8}.Debug|x64.Build.0 = Debug|x64
		{357ED1D2-B463-48BE-9A3C-B27BADE0B4F8}.Debug|x86.ActiveCfg = Debug|Win32
		{357ED1D2-B463-48BE-9A3C-B27BADE0B4F8}.Debug|x86.Build.0 = Debug|Win32
		{357ED1D2-B463-48BE-9A3C-B27BADE0B4F8}.Release|x64.ActiveCfg = Release|x64
		{357ED1D2-B463-48BE-9A3C-B27BADE0B4F8}.Release|x64.Build.0 = Release|x64
		{357ED1D2-B463-48BE-9A3C-B27BADE0B4F8}.Release|x86.ActiveCfg = Release|Win32
		{357ED1D2-B463-48BE-9A3C-B27BADE0B4F8}.Release|x86.Build.0 = Release|Win32
	EndGlobalSection
	GlobalSection(SolutionProperties) = preSolution
		HideSolutionNode = FALSE
	EndGlobalSection
	GlobalSection(ExtensibilityGlobals) = postSolution
		SolutionGuid = {9BCB11BC-E15B-4754-A984-8E01B58C8890}
	EndGlobalSection
EndGlobal
