
Microsoft Visual Studio Solution File, Format Version 12.00
# Visual Studio Version 16
VisualStudioVersion = 16.0.30611.23
MinimumVisualStudioVersion = 10.0.40219.1
Project("{8BC9CEB8-8B4A-11D0-8D11-00A0C91BC942}") = "std promise", "std promise\std promise.vcxproj", "{87EE4D76-D51B-4407-B0A1-AF4E941714C7}"
EndProject
Global
	GlobalSection(SolutionConfigurationPlatforms) = preSolution
		Debug|x64 = Debug|x64
		Debug|x86 = Debug|x86
		Release|x64 = Release|x64
		Release|x86 = Release|x86
	EndGlobalSection
	GlobalSection(ProjectConfigurationPlatforms) = postSolution
		{87EE4D76-D51B-4407-B0A1-AF4E941714C7}.Debug|x64.ActiveCfg = Debug|x64
		{87EE4D76-D51B-4407-B0A1-AF4E941714C7}.Debug|x64.Build.0 = Debug|x64
		{87EE4D76-D51B-4407-B0A1-AF4E941714C7}.Debug|x86.ActiveCfg = Debug|Win32
		{87EE4D76-D51B-4407-B0A1-AF4E941714C7}.Debug|x86.Build.0 = Debug|Win32
		{87EE4D76-D51B-4407-B0A1-AF4E941714C7}.Release|x64.ActiveCfg = Release|x64
		{87EE4D76-D51B-4407-B0A1-AF4E941714C7}.Release|x64.Build.0 = Release|x64
		{87EE4D76-D51B-4407-B0A1-AF4E941714C7}.Release|x86.ActiveCfg = Release|Win32
		{87EE4D76-D51B-4407-B0A1-AF4E941714C7}.Release|x86.Build.0 = Release|Win32
	EndGlobalSection
	GlobalSection(SolutionProperties) = preSolution
		HideSolutionNode = FALSE
	EndGlobalSection
	GlobalSection(ExtensibilityGlobals) = postSolution
		SolutionGuid = {5F54AE66-B516-4403-954B-0C2F36D4D6B1}
	EndGlobalSection
EndGlobal
