
Microsoft Visual Studio Solution File, Format Version 12.00
# Visual Studio Version 16
VisualStudioVersion = 16.0.30523.141
MinimumVisualStudioVersion = 10.0.40219.1
Project("{8BC9CEB8-8B4A-11D0-8D11-00A0C91BC942}") = "const assignment", "const assignment\const assignment.vcxproj", "{0A6F566F-615D-4679-BB3F-F214BECEB201}"
EndProject
Global
	GlobalSection(SolutionConfigurationPlatforms) = preSolution
		Debug|x64 = Debug|x64
		Debug|x86 = Debug|x86
		Release|x64 = Release|x64
		Release|x86 = Release|x86
	EndGlobalSection
	GlobalSection(ProjectConfigurationPlatforms) = postSolution
		{0A6F566F-615D-4679-BB3F-F214BECEB201}.Debug|x64.ActiveCfg = Debug|x64
		{0A6F566F-615D-4679-BB3F-F214BECEB201}.Debug|x64.Build.0 = Debug|x64
		{0A6F566F-615D-4679-BB3F-F214BECEB201}.Debug|x86.ActiveCfg = Debug|Win32
		{0A6F566F-615D-4679-BB3F-F214BECEB201}.Debug|x86.Build.0 = Debug|Win32
		{0A6F566F-615D-4679-BB3F-F214BECEB201}.Release|x64.ActiveCfg = Release|x64
		{0A6F566F-615D-4679-BB3F-F214BECEB201}.Release|x64.Build.0 = Release|x64
		{0A6F566F-615D-4679-BB3F-F214BECEB201}.Release|x86.ActiveCfg = Release|Win32
		{0A6F566F-615D-4679-BB3F-F214BECEB201}.Release|x86.Build.0 = Release|Win32
	EndGlobalSection
	GlobalSection(SolutionProperties) = preSolution
		HideSolutionNode = FALSE
	EndGlobalSection
	GlobalSection(ExtensibilityGlobals) = postSolution
		SolutionGuid = {CF9BA147-4D08-462B-B4EC-8C5D18F03DAF}
	EndGlobalSection
EndGlobal
